
Microsoft Visual Studio Solution File, Format Version 12.00
# Visual Studio 15
VisualStudioVersion = 15.0.27428.2043
MinimumVisualStudioVersion = 10.0.40219.1
Project("{8BC9CEB8-8B4A-11D0-8D11-00A0C91BC942}") = "chapter_4", "chapter_4\chapter_4.vcxproj", "{B1DBBCCF-19AE-4E5E-BDC1-D1A768725A55}"
EndProject
Global
	GlobalSection(SolutionConfigurationPlatforms) = preSolution
		Debug|x64 = Debug|x64
		Debug|x86 = Debug|x86
		Release|x64 = Release|x64
		Release|x86 = Release|x86
	EndGlobalSection
	GlobalSection(ProjectConfigurationPlatforms) = postSolution
		{B1DBBCCF-19AE-4E5E-BDC1-D1A768725A55}.Debug|x64.ActiveCfg = Debug|x64
		{B1DBBCCF-19AE-4E5E-BDC1-D1A768725A55}.Debug|x64.Build.0 = Debug|x64
		{B1DBBCCF-19AE-4E5E-BDC1-D1A768725A55}.Debug|x86.ActiveCfg = Debug|Win32
		{B1DBBCCF-19AE-4E5E-BDC1-D1A768725A55}.Debug|x86.Build.0 = Debug|Win32
		{B1DBBCCF-19AE-4E5E-BDC1-D1A768725A55}.Release|x64.ActiveCfg = Release|x64
		{B1DBBCCF-19AE-4E5E-BDC1-D1A768725A55}.Release|x64.Build.0 = Release|x64
		{B1DBBCCF-19AE-4E5E-BDC1-D1A768725A55}.Release|x86.ActiveCfg = Release|Win32
		{B1DBBCCF-19AE-4E5E-BDC1-D1A768725A55}.Release|x86.Build.0 = Release|Win32
	EndGlobalSection
	GlobalSection(SolutionProperties) = preSolution
		HideSolutionNode = FALSE
	EndGlobalSection
	GlobalSection(ExtensibilityGlobals) = postSolution
		SolutionGuid = {14B2E6A4-59C3-4B41-ACE2-ACFEF3ED14F3}
	EndGlobalSection
EndGlobal
