
Microsoft Visual Studio Solution File, Format Version 12.00
# Visual Studio 15
VisualStudioVersion = 15.0.27428.2043
MinimumVisualStudioVersion = 10.0.40219.1
Project("{8BC9CEB8-8B4A-11D0-8D11-00A0C91BC942}") = "chapter_9", "chapter_9\chapter_9.vcxproj", "{EF3FCC4C-9561-4C4E-9272-D7C1C52BEC0E}"
EndProject
Global
	GlobalSection(SolutionConfigurationPlatforms) = preSolution
		Debug|x64 = Debug|x64
		Debug|x86 = Debug|x86
		Release|x64 = Release|x64
		Release|x86 = Release|x86
	EndGlobalSection
	GlobalSection(ProjectConfigurationPlatforms) = postSolution
		{EF3FCC4C-9561-4C4E-9272-D7C1C52BEC0E}.Debug|x64.ActiveCfg = Debug|x64
		{EF3FCC4C-9561-4C4E-9272-D7C1C52BEC0E}.Debug|x64.Build.0 = Debug|x64
		{EF3FCC4C-9561-4C4E-9272-D7C1C52BEC0E}.Debug|x86.ActiveCfg = Debug|Win32
		{EF3FCC4C-9561-4C4E-9272-D7C1C52BEC0E}.Debug|x86.Build.0 = Debug|Win32
		{EF3FCC4C-9561-4C4E-9272-D7C1C52BEC0E}.Release|x64.ActiveCfg = Release|x64
		{EF3FCC4C-9561-4C4E-9272-D7C1C52BEC0E}.Release|x64.Build.0 = Release|x64
		{EF3FCC4C-9561-4C4E-9272-D7C1C52BEC0E}.Release|x86.ActiveCfg = Release|Win32
		{EF3FCC4C-9561-4C4E-9272-D7C1C52BEC0E}.Release|x86.Build.0 = Release|Win32
	EndGlobalSection
	GlobalSection(SolutionProperties) = preSolution
		HideSolutionNode = FALSE
	EndGlobalSection
	GlobalSection(ExtensibilityGlobals) = postSolution
		SolutionGuid = {BFC0A1F3-D74E-4501-9B38-19E60C738E97}
	EndGlobalSection
EndGlobal
