<?xml version="1.0" encoding="utf-8"?>
<Project ToolsVersion="4.0" xmlns="http://schemas.microsoft.com/developer/msbuild/2003">
  <ItemGroup>
    <Filter Include="源文件">
      <UniqueIdentifier>{4FC737F1-C7A5-4376-A066-2A32D752A2FF}</UniqueIdentifier>
      <Extensions>cpp;c;cc;cxx;def;odl;idl;hpj;bat;asm;asmx</Extensions>
    </Filter>
    <Filter Include="头文件">
      <UniqueIdentifier>{93995380-89BD-4b04-88EB-625FBE52EBFB}</UniqueIdentifier>
      <Extensions>h;hh;hpp;hxx;hm;inl;inc;ipp;xsd</Extensions>
    </Filter>
    <Filter Include="资源文件">
      <UniqueIdentifier>{67DA6AB6-F800-4c08-8B7A-83BB121AAD01}</UniqueIdentifier>
      <Extensions>rc;ico;cur;bmp;dlg;rc2;rct;bin;rgs;gif;jpg;jpeg;jpe;resx;tiff;tif;png;wav;mfcribbon-ms</Extensions>
    </Filter>
  </ItemGroup>
  <ItemGroup>
    <ClCompile Include="ListEL.cpp">
      <Filter>源文件</Filter>
    </ClCompile>
    <ClCompile Include="StackEL.cpp">
      <Filter>源文件</Filter>
    </ClCompile>
    <ClCompile Include="HashMapEL.cpp">
      <Filter>源文件</Filter>
    </ClCompile>
    <ClCompile Include="QueueEL.cpp">
      <Filter>源文件</Filter>
    </ClCompile>
    <ClCompile Include="TreeEL.cpp">
      <Filter>源文件</Filter>
    </ClCompile>
    <ClCompile Include="HeapEL.cpp">
      <Filter>源文件</Filter>
    </ClCompile>
    <ClCompile Include="UnionFindSetEL.cpp">
      <Filter>源文件</Filter>
    </ClCompile>
    <ClCompile Include="GraphEL.cpp">
      <Filter>源文件</Filter>
    </ClCompile>
    <ClCompile Include="SortFunctionsEL.cpp">
      <Filter>源文件</Filter>
    </ClCompile>
  </ItemGroup>
  <ItemGroup>
    <ClInclude Include="ListEL.h">
      <Filter>头文件</Filter>
    </ClInclude>
    <ClInclude Include="StackEL.h">
      <Filter>头文件</Filter>
    </ClInclude>
    <ClInclude Include="HashMapEL.h">
      <Filter>头文件</Filter>
    </ClInclude>
    <ClInclude Include="QueueEL.h">
      <Filter>头文件</Filter>
    </ClInclude>
    <ClInclude Include="TreeEL.h">
      <Filter>头文件</Filter>
    </ClInclude>
    <ClInclude Include="HeapEL.h">
      <Filter>头文件</Filter>
    </ClInclude>
    <ClInclude Include="UnionFindSetEL.h">
      <Filter>头文件</Filter>
    </ClInclude>
    <ClInclude Include="GraphEL.h">
      <Filter>头文件</Filter>
    </ClInclude>
    <ClInclude Include="SortFunctionsEL.h">
      <Filter>头文件</Filter>
    </ClInclude>
  </ItemGroup>
</Project>